
Microsoft Visual Studio Solution File, Format Version 12.00
# Visual Studio 15
VisualStudioVersion = 15.0.27004.2010
MinimumVisualStudioVersion = 10.0.40219.1
Project("{FAE04EC0-301F-11D3-BF4B-00C04F79EFBC}") = "BBBmok", "BBBmok\BBBmok.csproj", "{95E659C4-20B7-4B63-B3FA-4F8B69E03C36}"
EndProject
Project("{FAE04EC0-301F-11D3-BF4B-00C04F79EFBC}") = "UnitTestProject1", "UnitTestProject1\UnitTestProject1.csproj", "{CAF9DF9D-8F48-45CC-B6C9-113FC1058B5F}"
EndProject
Global
	GlobalSection(SolutionConfigurationPlatforms) = preSolution
		Debug|Any CPU = Debug|Any CPU
		Release|Any CPU = Release|Any CPU
	EndGlobalSection
	GlobalSection(ProjectConfigurationPlatforms) = postSolution
		{95E659C4-20B7-4B63-B3FA-4F8B69E03C36}.Debug|Any CPU.ActiveCfg = Debug|Any CPU
		{95E659C4-20B7-4B63-B3FA-4F8B69E03C36}.Debug|Any CPU.Build.0 = Debug|Any CPU
		{95E659C4-20B7-4B63-B3FA-4F8B69E03C36}.Release|Any CPU.ActiveCfg = Release|Any CPU
		{95E659C4-20B7-4B63-B3FA-4F8B69E03C36}.Release|Any CPU.Build.0 = Release|Any CPU
		{CAF9DF9D-8F48-45CC-B6C9-113FC1058B5F}.Debug|Any CPU.ActiveCfg = Debug|Any CPU
		{CAF9DF9D-8F48-45CC-B6C9-113FC1058B5F}.Debug|Any CPU.Build.0 = Debug|Any CPU
		{CAF9DF9D-8F48-45CC-B6C9-113FC1058B5F}.Release|Any CPU.ActiveCfg = Release|Any CPU
		{CAF9DF9D-8F48-45CC-B6C9-113FC1058B5F}.Release|Any CPU.Build.0 = Release|Any CPU
	EndGlobalSection
	GlobalSection(SolutionProperties) = preSolution
		HideSolutionNode = FALSE
	EndGlobalSection
	GlobalSection(ExtensibilityGlobals) = postSolution
		SolutionGuid = {FBC42F26-44EF-4DE8-8077-36342BC593EE}
	EndGlobalSection
EndGlobal
